
Microsoft Visual Studio Solution File, Format Version 12.00
# Visual Studio Version 17
VisualStudioVersion = 17.5.002.0
MinimumVisualStudioVersion = 10.0.40219.1
Project("{9A19103F-16F7-4668-BE54-9A1E7A4F7556}") = "CatalogService", "CatalogService.csproj", "{162792FC-FF12-4A40-A63D-7650E32E71AA}"
EndProject
Global
	GlobalSection(SolutionConfigurationPlatforms) = preSolution
		Debug|Any CPU = Debug|Any CPU
		Release|Any CPU = Release|Any CPU
	EndGlobalSection
	GlobalSection(ProjectConfigurationPlatforms) = postSolution
		{162792FC-FF12-4A40-A63D-7650E32E71AA}.Debug|Any CPU.ActiveCfg = Debug|Any CPU
		{162792FC-FF12-4A40-A63D-7650E32E71AA}.Debug|Any CPU.Build.0 = Debug|Any CPU
		{162792FC-FF12-4A40-A63D-7650E32E71AA}.Release|Any CPU.ActiveCfg = Release|Any CPU
		{162792FC-FF12-4A40-A63D-7650E32E71AA}.Release|Any CPU.Build.0 = Release|Any CPU
	EndGlobalSection
	GlobalSection(SolutionProperties) = preSolution
		HideSolutionNode = FALSE
	EndGlobalSection
	GlobalSection(ExtensibilityGlobals) = postSolution
		SolutionGuid = {14470548-3860-471B-94BE-72B2D508140B}
	EndGlobalSection
EndGlobal
